
Microsoft Visual Studio Solution File, Format Version 12.00
# Visual Studio 15
VisualStudioVersion = 15.0.26730.12
MinimumVisualStudioVersion = 10.0.40219.1
Project("{FAE04EC0-301F-11D3-BF4B-00C04F79EFBC}") = "MyApp.Web.Mvc", "MyApp.Web.Mvc\MyApp.Web.Mvc.csproj", "{F2494ADA-B84A-435E-A9B5-B9D93F2BE5FD}"
EndProject
Project("{FAE04EC0-301F-11D3-BF4B-00C04F79EFBC}") = "MyApp.Domain", "MyApp.Domain\MyApp.Domain.csproj", "{D2B2F6A5-E2A5-4A06-8A34-40A430F48878}"
EndProject
Project("{FAE04EC0-301F-11D3-BF4B-00C04F79EFBC}") = "MyApp.Services", "MyApp.Services\MyApp.Services.csproj", "{9B5922B9-87E8-4F97-AC6D-45B025A6B3A1}"
EndProject
Project("{FAE04EC0-301F-11D3-BF4B-00C04F79EFBC}") = "MyApp.Repository", "MyApp.Repository\MyApp.Repository.csproj", "{F7DE1030-0914-4BE7-9C49-165A9C11D1E0}"
EndProject
Project("{FAE04EC0-301F-11D3-BF4B-00C04F79EFBC}") = "MyApp.Repository.EntityFramework", "MyApp.Repository.EntityFramework\MyApp.Repository.EntityFramework.csproj", "{67384DF5-E45F-4C61-805A-86CCC786D783}"
EndProject
Project("{FAE04EC0-301F-11D3-BF4B-00C04F79EFBC}") = "MyApp.WebAPI", "MyApp.WebAPI\MyApp.WebAPI.csproj", "{57E1CD12-750A-49AE-BDF0-785B96C40BF0}"
EndProject
Project("{FAE04EC0-301F-11D3-BF4B-00C04F79EFBC}") = "MyApp.SelfHostWebApi", "MyApp.SelfHostWebApi\MyApp.SelfHostWebApi.csproj", "{46D76D29-572C-4499-8340-0EB1493BB51A}"
EndProject
Project("{2150E333-8FDC-42A3-9474-1A3956D46DE8}") = "Solution Items", "Solution Items", "{D6AD40CC-074E-4CA4-9B42-B130A2C430B9}"
	ProjectSection(SolutionItems) = preProject
		connections.config = connections.config
		LICENSE.md = LICENSE.md
		links.html = links.html
		README.md = README.md
		TODO.md = TODO.md
	EndProjectSection
EndProject
Global
	GlobalSection(SolutionConfigurationPlatforms) = preSolution
		Debug|Any CPU = Debug|Any CPU
		Release|Any CPU = Release|Any CPU
	EndGlobalSection
	GlobalSection(ProjectConfigurationPlatforms) = postSolution
		{F2494ADA-B84A-435E-A9B5-B9D93F2BE5FD}.Debug|Any CPU.ActiveCfg = Debug|Any CPU
		{F2494ADA-B84A-435E-A9B5-B9D93F2BE5FD}.Debug|Any CPU.Build.0 = Debug|Any CPU
		{F2494ADA-B84A-435E-A9B5-B9D93F2BE5FD}.Release|Any CPU.ActiveCfg = Release|Any CPU
		{F2494ADA-B84A-435E-A9B5-B9D93F2BE5FD}.Release|Any CPU.Build.0 = Release|Any CPU
		{D2B2F6A5-E2A5-4A06-8A34-40A430F48878}.Debug|Any CPU.ActiveCfg = Debug|Any CPU
		{D2B2F6A5-E2A5-4A06-8A34-40A430F48878}.Debug|Any CPU.Build.0 = Debug|Any CPU
		{D2B2F6A5-E2A5-4A06-8A34-40A430F48878}.Release|Any CPU.ActiveCfg = Release|Any CPU
		{D2B2F6A5-E2A5-4A06-8A34-40A430F48878}.Release|Any CPU.Build.0 = Release|Any CPU
		{9B5922B9-87E8-4F97-AC6D-45B025A6B3A1}.Debug|Any CPU.ActiveCfg = Debug|Any CPU
		{9B5922B9-87E8-4F97-AC6D-45B025A6B3A1}.Debug|Any CPU.Build.0 = Debug|Any CPU
		{9B5922B9-87E8-4F97-AC6D-45B025A6B3A1}.Release|Any CPU.ActiveCfg = Release|Any CPU
		{9B5922B9-87E8-4F97-AC6D-45B025A6B3A1}.Release|Any CPU.Build.0 = Release|Any CPU
		{F7DE1030-0914-4BE7-9C49-165A9C11D1E0}.Debug|Any CPU.ActiveCfg = Debug|Any CPU
		{F7DE1030-0914-4BE7-9C49-165A9C11D1E0}.Debug|Any CPU.Build.0 = Debug|Any CPU
		{F7DE1030-0914-4BE7-9C49-165A9C11D1E0}.Release|Any CPU.ActiveCfg = Release|Any CPU
		{F7DE1030-0914-4BE7-9C49-165A9C11D1E0}.Release|Any CPU.Build.0 = Release|Any CPU
		{67384DF5-E45F-4C61-805A-86CCC786D783}.Debug|Any CPU.ActiveCfg = Debug|Any CPU
		{67384DF5-E45F-4C61-805A-86CCC786D783}.Debug|Any CPU.Build.0 = Debug|Any CPU
		{67384DF5-E45F-4C61-805A-86CCC786D783}.Release|Any CPU.ActiveCfg = Release|Any CPU
		{67384DF5-E45F-4C61-805A-86CCC786D783}.Release|Any CPU.Build.0 = Release|Any CPU
		{57E1CD12-750A-49AE-BDF0-785B96C40BF0}.Debug|Any CPU.ActiveCfg = Debug|Any CPU
		{57E1CD12-750A-49AE-BDF0-785B96C40BF0}.Debug|Any CPU.Build.0 = Debug|Any CPU
		{57E1CD12-750A-49AE-BDF0-785B96C40BF0}.Release|Any CPU.ActiveCfg = Release|Any CPU
		{57E1CD12-750A-49AE-BDF0-785B96C40BF0}.Release|Any CPU.Build.0 = Release|Any CPU
		{46D76D29-572C-4499-8340-0EB1493BB51A}.Debug|Any CPU.ActiveCfg = Debug|Any CPU
		{46D76D29-572C-4499-8340-0EB1493BB51A}.Debug|Any CPU.Build.0 = Debug|Any CPU
		{46D76D29-572C-4499-8340-0EB1493BB51A}.Release|Any CPU.ActiveCfg = Release|Any CPU
		{46D76D29-572C-4499-8340-0EB1493BB51A}.Release|Any CPU.Build.0 = Release|Any CPU
	EndGlobalSection
	GlobalSection(SolutionProperties) = preSolution
		HideSolutionNode = FALSE
	EndGlobalSection
	GlobalSection(ExtensibilityGlobals) = postSolution
		SolutionGuid = {B748FC3C-8FC5-410B-830F-04C4D2F7297E}
	EndGlobalSection
EndGlobal
